
Microsoft Visual Studio Solution File, Format Version 12.00
# Visual Studio Version 17
VisualStudioVersion = 17.5.33627.172
MinimumVisualStudioVersion = 10.0.40219.1
Project("{FAE04EC0-301F-11D3-BF4B-00C04F79EFBC}") = "ExercicioConjuntos", "ExercicioConjuntos\ExercicioConjuntos.csproj", "{E6B0F547-AFB4-4D99-8142-C53449C4F99D}"
EndProject
Global
	GlobalSection(SolutionConfigurationPlatforms) = preSolution
		Debug|Any CPU = Debug|Any CPU
		Release|Any CPU = Release|Any CPU
	EndGlobalSection
	GlobalSection(ProjectConfigurationPlatforms) = postSolution
		{E6B0F547-AFB4-4D99-8142-C53449C4F99D}.Debug|Any CPU.ActiveCfg = Debug|Any CPU
		{E6B0F547-AFB4-4D99-8142-C53449C4F99D}.Debug|Any CPU.Build.0 = Debug|Any CPU
		{E6B0F547-AFB4-4D99-8142-C53449C4F99D}.Release|Any CPU.ActiveCfg = Release|Any CPU
		{E6B0F547-AFB4-4D99-8142-C53449C4F99D}.Release|Any CPU.Build.0 = Release|Any CPU
	EndGlobalSection
	GlobalSection(SolutionProperties) = preSolution
		HideSolutionNode = FALSE
	EndGlobalSection
	GlobalSection(ExtensibilityGlobals) = postSolution
		SolutionGuid = {B9944C05-0EE3-41FD-AD7A-4CF002B8BAA9}
	EndGlobalSection
EndGlobal
