
Microsoft Visual Studio Solution File, Format Version 12.00
# Visual Studio Version 17
VisualStudioVersion = 17.5.33627.172
MinimumVisualStudioVersion = 10.0.40219.1
Project("{FAE04EC0-301F-11D3-BF4B-00C04F79EFBC}") = "RefFunc", "RefFunc\RefFunc.csproj", "{8EDACD42-2933-47FB-A6AC-3B4E3D4E943E}"
EndProject
Global
	GlobalSection(SolutionConfigurationPlatforms) = preSolution
		Debug|Any CPU = Debug|Any CPU
		Release|Any CPU = Release|Any CPU
	EndGlobalSection
	GlobalSection(ProjectConfigurationPlatforms) = postSolution
		{8EDACD42-2933-47FB-A6AC-3B4E3D4E943E}.Debug|Any CPU.ActiveCfg = Debug|Any CPU
		{8EDACD42-2933-47FB-A6AC-3B4E3D4E943E}.Debug|Any CPU.Build.0 = Debug|Any CPU
		{8EDACD42-2933-47FB-A6AC-3B4E3D4E943E}.Release|Any CPU.ActiveCfg = Release|Any CPU
		{8EDACD42-2933-47FB-A6AC-3B4E3D4E943E}.Release|Any CPU.Build.0 = Release|Any CPU
	EndGlobalSection
	GlobalSection(SolutionProperties) = preSolution
		HideSolutionNode = FALSE
	EndGlobalSection
	GlobalSection(ExtensibilityGlobals) = postSolution
		SolutionGuid = {A114F336-8BB7-40F6-B30B-AFB1A83895D5}
	EndGlobalSection
EndGlobal
