
Microsoft Visual Studio Solution File, Format Version 12.00
# Visual Studio Version 17
VisualStudioVersion = 17.5.33530.505
MinimumVisualStudioVersion = 10.0.40219.1
Project("{FAE04EC0-301F-11D3-BF4B-00C04F79EFBC}") = "ReferenciaPath", "ReferenciaPath\ReferenciaPath.csproj", "{1C6B38B7-1EAC-4919-BB96-519591836830}"
EndProject
Global
	GlobalSection(SolutionConfigurationPlatforms) = preSolution
		Debug|Any CPU = Debug|Any CPU
		Release|Any CPU = Release|Any CPU
	EndGlobalSection
	GlobalSection(ProjectConfigurationPlatforms) = postSolution
		{1C6B38B7-1EAC-4919-BB96-519591836830}.Debug|Any CPU.ActiveCfg = Debug|Any CPU
		{1C6B38B7-1EAC-4919-BB96-519591836830}.Debug|Any CPU.Build.0 = Debug|Any CPU
		{1C6B38B7-1EAC-4919-BB96-519591836830}.Release|Any CPU.ActiveCfg = Release|Any CPU
		{1C6B38B7-1EAC-4919-BB96-519591836830}.Release|Any CPU.Build.0 = Release|Any CPU
	EndGlobalSection
	GlobalSection(SolutionProperties) = preSolution
		HideSolutionNode = FALSE
	EndGlobalSection
	GlobalSection(ExtensibilityGlobals) = postSolution
		SolutionGuid = {6ABE13BB-40A6-47B7-9DF4-B246D0FDC2D2}
	EndGlobalSection
EndGlobal
