
Microsoft Visual Studio Solution File, Format Version 12.00
# Visual Studio Version 17
VisualStudioVersion = 17.5.33516.290
MinimumVisualStudioVersion = 10.0.40219.1
Project("{FAE04EC0-301F-11D3-BF4B-00C04F79EFBC}") = "ExercicioException", "ExercicioException\ExercicioException.csproj", "{BE5F5718-8EF5-4678-89DA-D25888ECEE9B}"
EndProject
Global
	GlobalSection(SolutionConfigurationPlatforms) = preSolution
		Debug|Any CPU = Debug|Any CPU
		Release|Any CPU = Release|Any CPU
	EndGlobalSection
	GlobalSection(ProjectConfigurationPlatforms) = postSolution
		{BE5F5718-8EF5-4678-89DA-D25888ECEE9B}.Debug|Any CPU.ActiveCfg = Debug|Any CPU
		{BE5F5718-8EF5-4678-89DA-D25888ECEE9B}.Debug|Any CPU.Build.0 = Debug|Any CPU
		{BE5F5718-8EF5-4678-89DA-D25888ECEE9B}.Release|Any CPU.ActiveCfg = Release|Any CPU
		{BE5F5718-8EF5-4678-89DA-D25888ECEE9B}.Release|Any CPU.Build.0 = Release|Any CPU
	EndGlobalSection
	GlobalSection(SolutionProperties) = preSolution
		HideSolutionNode = FALSE
	EndGlobalSection
	GlobalSection(ExtensibilityGlobals) = postSolution
		SolutionGuid = {3D294FAD-6777-45E9-B2CA-311E6C5C1C53}
	EndGlobalSection
EndGlobal
